{
  "name": "@jasonandjay/bawei-randomclass-test",
  "version": "1.0.1",
  "lockfileVersion": 1,
  "requires": true,
  "dependencies": {
    "bawei-randomclass-test": {
      "version": "1.0.1",
      "resolved": "https://registry.npmjs.org/bawei-randomclass-test/-/bawei-randomclass-test-1.0.1.tgz",
      "integrity": "sha512-885hCgdXvrwYzikC5axrpqeU0TzZyU+VVPoxWbxwJHXps+Ou6jPRAnmTaLJmMpfAzP5csL4b2S2csPk7v6gINw=="
    }
  }
}
