{
  "requires": true,
  "lockfileVersion": 1,
  "dependencies": {
    "@jasonandjay/bawei-randomclass-test": {
      "version": "1.0.1",
      "resolved": "https://registry.npmjs.org/@jasonandjay/bawei-randomclass-test/-/bawei-randomclass-test-1.0.1.tgz",
      "integrity": "sha512-OVsuGjCZjHpo3i161/nLN3y7JPpX2CygmI46AuzL/zWCydhSPpscMZlNPgIXxm07E5OeMNRqocNSNz3ukrdujw=="
    },
    "js-cookie": {
      "version": "2.2.1",
      "resolved": "https://registry.npmjs.org/js-cookie/-/js-cookie-2.2.1.tgz",
      "integrity": "sha512-HvdH2LzI/EAZcUwA8+0nKNtWHqS+ZmijLA30RwZA0bo7ToCckjK5MkGhjED9KoRcXO6BaGI3I9UIzSA1FKFPOQ=="
    }
  }
}
